# This file is automatically @generated by Cargo.
# It is not intended for manual editing.
version = 3

[[package]]
name = "kumpun-cli"
version = "0.1.0"
dependencies = [
 "kumpun-core",
 "kumpun-schemas",
]

[[package]]
name = "kumpun-core"
version = "0.1.0"
dependencies = [
 "kumpun-schemas",
]

[[package]]
name = "kumpun-schemas"
version = "0.1.0"
